{
  "nodes": {
    "nixpkgs": {
      "locked": {
        "lastModified": 1715008058,
        "narHash": "sha256-Tdlna0uGWvQzGwc/7kL1ICx/fqJaBfFJAmrkKP+cZS4=",
        "owner": "nixos",
        "repo": "nixpkgs",
        "rev": "860e65d27036476edfb85dd847d982277880b143",
        "type": "github"
      },
      "original": {
        "owner": "nixos",
        "ref": "nixpkgs-unstable",
        "repo": "nixpkgs",
        "type": "github"
      }
    },
    "root": {
      "inputs": {
        "nixpkgs": "nixpkgs"
      }
    }
  },
  "root": "root",
  "version": 7
}
