# THIS IS AN AUTOGENERATED FILE. DO NOT EDIT THIS FILE DIRECTLY.
# yarn lockfile v1


"@effect-ts/core@^0.58.0":
  version "0.58.0"
  resolved "https://registry.yarnpkg.com/@effect-ts/core/-/core-0.58.0.tgz#5bdd3493d4d52ae997f57c0a04d4898df16ddccb"
  integrity sha512-bnSXjg79Fj9NtVF8Q+srO/h9+KHKGFzyTa0R08syWTX3WjxLRaDgJD53hu7DQ9NffQPoxFotPDelg6waU4c5xw==
  dependencies:
    "@effect-ts/system" "^0.55.0"

"@effect-ts/system@^0.55.0":
  version "0.55.0"
  resolved "https://registry.yarnpkg.com/@effect-ts/system/-/system-0.55.0.tgz#57f97aa8a243920e62e02a3184426d9b5069f523"
  integrity sha512-vQ2bg3cGMsc1ftpSxoXj8E18hfmdZUZY8nZul5rO6x4Qa6l02TSGEwxZYjvXPzTeg7dqpE9teEEOFv3TaJ88tg==

"@effect-ts/tracing-plugin@^0.19.0":
  version "0.19.0"
  resolved "https://registry.yarnpkg.com/@effect-ts/tracing-plugin/-/tracing-plugin-0.19.0.tgz#50e16de38c09b8acfc18eac86ec52f2ab194c2d7"
  integrity sha512-DQXmEqqjJkK4M48Q4DWyj53zngj1bTtAgvUVDCmqMN7hdPU7QzystRtuPj+sry/+XWYK9Gdyfm4LoiZadMVg1w==

function-bind@^1.1.1:
  version "1.1.1"
  resolved "https://registry.yarnpkg.com/function-bind/-/function-bind-1.1.1.tgz#a56899d3ea3c9bab874bb9773b7c5ede92f4895d"
  integrity sha512-yIovAzMX49sF8Yl58fSCWJ5svSLuaibPxXQJFLmBObTuCr0Mf1KiPopGM9NiFjiYBCbfaa2Fh6breQ6ANVTI0A==

has@^1.0.3:
  version "1.0.3"
  resolved "https://registry.yarnpkg.com/has/-/has-1.0.3.tgz#722d7cbfc1f6aa8241f16dd814e011e1f41e8796"
  integrity sha512-f2dvO0VU6Oej7RkWJGrehjbzMAjFp5/VKPp5tTpWIV4JHHZK1/BxbFRtf/siA2SWTe09caDmVtYYzWEIbBS4zw==
  dependencies:
    function-bind "^1.1.1"

is-core-module@^2.8.1:
  version "2.8.1"
  resolved "https://registry.yarnpkg.com/is-core-module/-/is-core-module-2.8.1.tgz#f59fdfca701d5879d0a6b100a40aa1560ce27211"
  integrity sha512-SdNCUs284hr40hFTFP6l0IfZ/RSrMXF3qgoRHd3/79unUTvrFO/JoXwkGm+5J/Oe3E/b5GsnG330uUNgRpu1PA==
  dependencies:
    has "^1.0.3"

path-parse@^1.0.7:
  version "1.0.7"
  resolved "https://registry.yarnpkg.com/path-parse/-/path-parse-1.0.7.tgz#fbc114b60ca42b30d9daf5858e4bd68bbedb6735"
  integrity sha512-LDJzPVEEEPR+y48z93A0Ed0yXb8pAByGWo/k5YYdYgpY2/2EsOsksJrq7lOHxryrVOn1ejG6oAp8ahvOIQD8sw==

resolve@>=1.9.0:
  version "1.22.0"
  resolved "https://registry.yarnpkg.com/resolve/-/resolve-1.22.0.tgz#5e0b8c67c15df57a89bdbabe603a002f21731198"
  integrity sha512-Hhtrw0nLeSrFQ7phPp4OOcVjLPIeMnRlr5mcnVuMe7M/7eBn98A3hmFRLoFo3DLZkivSYwhRUJTyPyWAk56WLw==
  dependencies:
    is-core-module "^2.8.1"
    path-parse "^1.0.7"
    supports-preserve-symlinks-flag "^1.0.0"

supports-preserve-symlinks-flag@^1.0.0:
  version "1.0.0"
  resolved "https://registry.yarnpkg.com/supports-preserve-symlinks-flag/-/supports-preserve-symlinks-flag-1.0.0.tgz#6eda4bd344a3c94aea376d4cc31bc77311039e09"
  integrity sha512-ot0WnXS9fgdkgIcePe6RHNk1WA8+muPa6cSjeR3V8K27q9BB1rTE3R1p7Hv0z1ZyAc8s6Vvv8DIyWf681MAt0w==

ttypescript@^1.5.13:
  version "1.5.13"
  resolved "https://registry.yarnpkg.com/ttypescript/-/ttypescript-1.5.13.tgz#c3bcb760599fe49157d30c5d5895a0023cbb7f30"
  integrity sha512-KT/RBfGGlVJFqEI8cVvI3nMsmYcFvPSZh8bU0qX+pAwbi7/ABmYkzn7l/K8skw0xmYjVCoyaV6WLsBQxdadybQ==
  dependencies:
    resolve ">=1.9.0"

typescript@^4.6.2:
  version "4.6.2"
  resolved "https://registry.yarnpkg.com/typescript/-/typescript-4.6.2.tgz#fe12d2727b708f4eef40f51598b3398baa9611d4"
  integrity sha512-HM/hFigTBHZhLXshn9sN37H085+hQGeJHJ/X7LpBWLID/fbc2acUMfU+lGD98X81sKP+pFa9f0DZmCwB9GnbAg==
